// !$*UTF8*$!
{
	archiveVersion = 1;
	classes = {
	};
	objectVersion = 46;
	objects = {

/* Begin PBXBuildFile section */
		1D510C8D1E697D3A0083CED2 /* BackFunction.swift in Sources */ = {isa = PBXBuildFile; fileRef = 1D510C8C1E697D3A0083CED2 /* BackFunction.swift */; };
		1D510C981E69949D0083CED2 /* AppearFunctions.swift in Sources */ = {isa = PBXBuildFile; fileRef = 1D510C971E69949D0083CED2 /* AppearFunctions.swift */; };
		1D79760F1E684B1D003E6B2E /* AppDelegate.swift in Sources */ = {isa = PBXBuildFile; fileRef = 1D79760E1E684B1D003E6B2E /* AppDelegate.swift */; };
		1D7976111E684B1D003E6B2E /* ViewController.swift in Sources */ = {isa = PBXBuildFile; fileRef = 1D7976101E684B1D003E6B2E /* ViewController.swift */; };
		1D7976141E684B1D003E6B2E /* Main.storyboard in Resources */ = {isa = PBXBuildFile; fileRef = 1D7976121E684B1D003E6B2E /* Main.storyboard */; };
		1D7976171E684B1D003E6B2E /* slideMenu.xcdatamodeld in Sources */ = {isa = PBXBuildFile; fileRef = 1D7976151E684B1D003E6B2E /* slideMenu.xcdatamodeld */; };
		1D7976191E684B1D003E6B2E /* Assets.xcassets in Resources */ = {isa = PBXBuildFile; fileRef = 1D7976181E684B1D003E6B2E /* Assets.xcassets */; };
		1D79761C1E684B1D003E6B2E /* LaunchScreen.storyboard in Resources */ = {isa = PBXBuildFile; fileRef = 1D79761A1E684B1D003E6B2E /* LaunchScreen.storyboard */; };
		1DBE58511E691FCE005D6D0C /* ViewControllerLelfSlide.swift in Sources */ = {isa = PBXBuildFile; fileRef = 1DBE58501E691FCE005D6D0C /* ViewControllerLelfSlide.swift */; };
		1DBE58531E691FE0005D6D0C /* ViewControllerRightSlide.swift in Sources */ = {isa = PBXBuildFile; fileRef = 1DBE58521E691FE0005D6D0C /* ViewControllerRightSlide.swift */; };
		1DBE58551E692818005D6D0C /* TableViewCellLeftSlide.swift in Sources */ = {isa = PBXBuildFile; fileRef = 1DBE58541E692818005D6D0C /* TableViewCellLeftSlide.swift */; };
		1DBE58571E69282E005D6D0C /* TableViewCellRightSlide.swift in Sources */ = {isa = PBXBuildFile; fileRef = 1DBE58561E69282E005D6D0C /* TableViewCellRightSlide.swift */; };
		1DE5212A1E6A7F2100E3D01D /* EnumClass.swift in Sources */ = {isa = PBXBuildFile; fileRef = 1DE521291E6A7F2100E3D01D /* EnumClass.swift */; };
		1DE5212C1E6AA5D700E3D01D /* objects.swift in Sources */ = {isa = PBXBuildFile; fileRef = 1DE5212B1E6AA5D700E3D01D /* objects.swift */; };
		1DEF79871E6D2B5F0013088E /* ViewControllerFinalViewController.swift in Sources */ = {isa = PBXBuildFile; fileRef = 1DEF79861E6D2B5F0013088E /* ViewControllerFinalViewController.swift */; };
/* End PBXBuildFile section */

/* Begin PBXFileReference section */
		1D510C8C1E697D3A0083CED2 /* BackFunction.swift */ = {isa = PBXFileReference; fileEncoding = 4; lastKnownFileType = sourcecode.swift; path = BackFunction.swift; sourceTree = "<group>"; };
		1D510C971E69949D0083CED2 /* AppearFunctions.swift */ = {isa = PBXFileReference; fileEncoding = 4; lastKnownFileType = sourcecode.swift; path = AppearFunctions.swift; sourceTree = "<group>"; };
		1D79760B1E684B1D003E6B2E /* slideMenu.app */ = {isa = PBXFileReference; explicitFileType = wrapper.application; includeInIndex = 0; path = slideMenu.app; sourceTree = BUILT_PRODUCTS_DIR; };
		1D79760E1E684B1D003E6B2E /* AppDelegate.swift */ = {isa = PBXFileReference; lastKnownFileType = sourcecode.swift; path = AppDelegate.swift; sourceTree = "<group>"; };
		1D7976101E684B1D003E6B2E /* ViewController.swift */ = {isa = PBXFileReference; lastKnownFileType = sourcecode.swift; path = ViewController.swift; sourceTree = "<group>"; };
		1D7976131E684B1D003E6B2E /* Base */ = {isa = PBXFileReference; lastKnownFileType = file.storyboard; name = Base; path = Base.lproj/Main.storyboard; sourceTree = "<group>"; };
		1D7976161E684B1D003E6B2E /* slideMenu.xcdatamodel */ = {isa = PBXFileReference; lastKnownFileType = wrapper.xcdatamodel; path = slideMenu.xcdatamodel; sourceTree = "<group>"; };
		1D7976181E684B1D003E6B2E /* Assets.xcassets */ = {isa = PBXFileReference; lastKnownFileType = folder.assetcatalog; path = Assets.xcassets; sourceTree = "<group>"; };
		1D79761B1E684B1D003E6B2E /* Base */ = {isa = PBXFileReference; lastKnownFileType = file.storyboard; name = Base; path = Base.lproj/LaunchScreen.storyboard; sourceTree = "<group>"; };
		1D79761D1E684B1D003E6B2E /* Info.plist */ = {isa = PBXFileReference; lastKnownFileType = text.plist.xml; path = Info.plist; sourceTree = "<group>"; };
		1DBE58501E691FCE005D6D0C /* ViewControllerLelfSlide.swift */ = {isa = PBXFileReference; fileEncoding = 4; lastKnownFileType = sourcecode.swift; path = ViewControllerLelfSlide.swift; sourceTree = "<group>"; };
		1DBE58521E691FE0005D6D0C /* ViewControllerRightSlide.swift */ = {isa = PBXFileReference; fileEncoding = 4; lastKnownFileType = sourcecode.swift; path = ViewControllerRightSlide.swift; sourceTree = "<group>"; };
		1DBE58541E692818005D6D0C /* TableViewCellLeftSlide.swift */ = {isa = PBXFileReference; fileEncoding = 4; lastKnownFileType = sourcecode.swift; path = TableViewCellLeftSlide.swift; sourceTree = "<group>"; };
		1DBE58561E69282E005D6D0C /* TableViewCellRightSlide.swift */ = {isa = PBXFileReference; fileEncoding = 4; lastKnownFileType = sourcecode.swift; path = TableViewCellRightSlide.swift; sourceTree = "<group>"; };
		1DE521291E6A7F2100E3D01D /* EnumClass.swift */ = {isa = PBXFileReference; fileEncoding = 4; lastKnownFileType = sourcecode.swift; path = EnumClass.swift; sourceTree = "<group>"; };
		1DE5212B1E6AA5D700E3D01D /* objects.swift */ = {isa = PBXFileReference; fileEncoding = 4; lastKnownFileType = sourcecode.swift; path = objects.swift; sourceTree = "<group>"; };
		1DEF79861E6D2B5F0013088E /* ViewControllerFinalViewController.swift */ = {isa = PBXFileReference; fileEncoding = 4; lastKnownFileType = sourcecode.swift; path = ViewControllerFinalViewController.swift; sourceTree = "<group>"; };
/* End PBXFileReference section */

/* Begin PBXFrameworksBuildPhase section */
		1D7976081E684B1D003E6B2E /* Frameworks */ = {
			isa = PBXFrameworksBuildPhase;
			buildActionMask = 2147483647;
			files = (
			);
			runOnlyForDeploymentPostprocessing = 0;
		};
/* End PBXFrameworksBuildPhase section */

/* Begin PBXGroup section */
		1D510C8E1E6992D60083CED2 /* Everything */ = {
			isa = PBXGroup;
			children = (
				1D510C931E69934A0083CED2 /* AppDelegate */,
				1D510C961E6993980083CED2 /* MVC */,
				1DBE58591E692C36005D6D0C /* TableViewCell */,
				1D510C951E6993760083CED2 /* Others */,
			);
			name = Everything;
			sourceTree = "<group>";
		};
		1D510C921E6993380083CED2 /* ModelClass */ = {
			isa = PBXGroup;
			children = (
				1D510C8C1E697D3A0083CED2 /* BackFunction.swift */,
				1D510C971E69949D0083CED2 /* AppearFunctions.swift */,
				1DE521291E6A7F2100E3D01D /* EnumClass.swift */,
				1DE5212B1E6AA5D700E3D01D /* objects.swift */,
			);
			name = ModelClass;
			sourceTree = "<group>";
		};
		1D510C931E69934A0083CED2 /* AppDelegate */ = {
			isa = PBXGroup;
			children = (
				1D79760E1E684B1D003E6B2E /* AppDelegate.swift */,
			);
			name = AppDelegate;
			sourceTree = "<group>";
		};
		1D510C941E69935D0083CED2 /* View */ = {
			isa = PBXGroup;
			children = (
				1D7976121E684B1D003E6B2E /* Main.storyboard */,
				1D79761A1E684B1D003E6B2E /* LaunchScreen.storyboard */,
			);
			name = View;
			sourceTree = "<group>";
		};
		1D510C951E6993760083CED2 /* Others */ = {
			isa = PBXGroup;
			children = (
				1D7976181E684B1D003E6B2E /* Assets.xcassets */,
				1D79761D1E684B1D003E6B2E /* Info.plist */,
				1D7976151E684B1D003E6B2E /* slideMenu.xcdatamodeld */,
			);
			name = Others;
			sourceTree = "<group>";
		};
		1D510C961E6993980083CED2 /* MVC */ = {
			isa = PBXGroup;
			children = (
				1D510C921E6993380083CED2 /* ModelClass */,
				1DBE58581E692C12005D6D0C /* ViewControllers */,
				1D510C941E69935D0083CED2 /* View */,
			);
			name = MVC;
			sourceTree = "<group>";
		};
		1D7976021E684B1C003E6B2E = {
			isa = PBXGroup;
			children = (
				1D79760D1E684B1D003E6B2E /* slideMenu */,
				1D79760C1E684B1D003E6B2E /* Products */,
			);
			sourceTree = "<group>";
		};
		1D79760C1E684B1D003E6B2E /* Products */ = {
			isa = PBXGroup;
			children = (
				1D79760B1E684B1D003E6B2E /* slideMenu.app */,
			);
			name = Products;
			sourceTree = "<group>";
		};
		1D79760D1E684B1D003E6B2E /* slideMenu */ = {
			isa = PBXGroup;
			children = (
				1D510C8E1E6992D60083CED2 /* Everything */,
			);
			path = slideMenu;
			sourceTree = "<group>";
		};
		1DBE58581E692C12005D6D0C /* ViewControllers */ = {
			isa = PBXGroup;
			children = (
				1D7976101E684B1D003E6B2E /* ViewController.swift */,
				1DBE58501E691FCE005D6D0C /* ViewControllerLelfSlide.swift */,
				1DBE58521E691FE0005D6D0C /* ViewControllerRightSlide.swift */,
				1DEF79861E6D2B5F0013088E /* ViewControllerFinalViewController.swift */,
			);
			name = ViewControllers;
			sourceTree = "<group>";
		};
		1DBE58591E692C36005D6D0C /* TableViewCell */ = {
			isa = PBXGroup;
			children = (
				1DBE58561E69282E005D6D0C /* TableViewCellRightSlide.swift */,
				1DBE58541E692818005D6D0C /* TableViewCellLeftSlide.swift */,
			);
			name = TableViewCell;
			sourceTree = "<group>";
		};
/* End PBXGroup section */

/* Begin PBXNativeTarget section */
		1D79760A1E684B1D003E6B2E /* slideMenu */ = {
			isa = PBXNativeTarget;
			buildConfigurationList = 1D7976201E684B1D003E6B2E /* Build configuration list for PBXNativeTarget "slideMenu" */;
			buildPhases = (
				1D7976071E684B1D003E6B2E /* Sources */,
				1D7976081E684B1D003E6B2E /* Frameworks */,
				1D7976091E684B1D003E6B2E /* Resources */,
			);
			buildRules = (
			);
			dependencies = (
			);
			name = slideMenu;
			productName = slideMenu;
			productReference = 1D79760B1E684B1D003E6B2E /* slideMenu.app */;
			productType = "com.apple.product-type.application";
		};
/* End PBXNativeTarget section */

/* Begin PBXProject section */
		1D7976031E684B1D003E6B2E /* Project object */ = {
			isa = PBXProject;
			attributes = {
				LastSwiftUpdateCheck = 0820;
				LastUpgradeCheck = 0820;
				ORGANIZATIONNAME = codebrew;
				TargetAttributes = {
					1D79760A1E684B1D003E6B2E = {
						CreatedOnToolsVersion = 8.2.1;
						ProvisioningStyle = Automatic;
					};
				};
			};
			buildConfigurationList = 1D7976061E684B1D003E6B2E /* Build configuration list for PBXProject "slideMenu" */;
			compatibilityVersion = "Xcode 3.2";
			developmentRegion = English;
			hasScannedForEncodings = 0;
			knownRegions = (
				en,
				Base,
			);
			mainGroup = 1D7976021E684B1C003E6B2E;
			productRefGroup = 1D79760C1E684B1D003E6B2E /* Products */;
			projectDirPath = "";
			projectRoot = "";
			targets = (
				1D79760A1E684B1D003E6B2E /* slideMenu */,
			);
		};
/* End PBXProject section */

/* Begin PBXResourcesBuildPhase section */
		1D7976091E684B1D003E6B2E /* Resources */ = {
			isa = PBXResourcesBuildPhase;
			buildActionMask = 2147483647;
			files = (
				1D79761C1E684B1D003E6B2E /* LaunchScreen.storyboard in Resources */,
				1D7976191E684B1D003E6B2E /* Assets.xcassets in Resources */,
				1D7976141E684B1D003E6B2E /* Main.storyboard in Resources */,
			);
			runOnlyForDeploymentPostprocessing = 0;
		};
/* End PBXResourcesBuildPhase section */

/* Begin PBXSourcesBuildPhase section */
		1D7976071E684B1D003E6B2E /* Sources */ = {
			isa = PBXSourcesBuildPhase;
			buildActionMask = 2147483647;
			files = (
				1D7976111E684B1D003E6B2E /* ViewController.swift in Sources */,
				1D79760F1E684B1D003E6B2E /* AppDelegate.swift in Sources */,
				1DBE58571E69282E005D6D0C /* TableViewCellRightSlide.swift in Sources */,
				1DBE58531E691FE0005D6D0C /* ViewControllerRightSlide.swift in Sources */,
				1DE5212C1E6AA5D700E3D01D /* objects.swift in Sources */,
				1D510C981E69949D0083CED2 /* AppearFunctions.swift in Sources */,
				1DE5212A1E6A7F2100E3D01D /* EnumClass.swift in Sources */,
				1D7976171E684B1D003E6B2E /* slideMenu.xcdatamodeld in Sources */,
				1DBE58551E692818005D6D0C /* TableViewCellLeftSlide.swift in Sources */,
				1D510C8D1E697D3A0083CED2 /* BackFunction.swift in Sources */,
				1DEF79871E6D2B5F0013088E /* ViewControllerFinalViewController.swift in Sources */,
				1DBE58511E691FCE005D6D0C /* ViewControllerLelfSlide.swift in Sources */,
			);
			runOnlyForDeploymentPostprocessing = 0;
		};
/* End PBXSourcesBuildPhase section */

/* Begin PBXVariantGroup section */
		1D7976121E684B1D003E6B2E /* Main.storyboard */ = {
			isa = PBXVariantGroup;
			children = (
				1D7976131E684B1D003E6B2E /* Base */,
			);
			name = Main.storyboard;
			sourceTree = "<group>";
		};
		1D79761A1E684B1D003E6B2E /* LaunchScreen.storyboard */ = {
			isa = PBXVariantGroup;
			children = (
				1D79761B1E684B1D003E6B2E /* Base */,
			);
			name = LaunchScreen.storyboard;
			sourceTree = "<group>";
		};
/* End PBXVariantGroup section */

/* Begin XCBuildConfiguration section */
		1D79761E1E684B1D003E6B2E /* Debug */ = {
			isa = XCBuildConfiguration;
			buildSettings = {
				ALWAYS_SEARCH_USER_PATHS = NO;
				CLANG_ANALYZER_NONNULL = YES;
				CLANG_CXX_LANGUAGE_STANDARD = "gnu++0x";
				CLANG_CXX_LIBRARY = "libc++";
				CLANG_ENABLE_MODULES = YES;
				CLANG_ENABLE_OBJC_ARC = YES;
				CLANG_WARN_BOOL_CONVERSION = YES;
				CLANG_WARN_CONSTANT_CONVERSION = YES;
				CLANG_WARN_DIRECT_OBJC_ISA_USAGE = YES_ERROR;
				CLANG_WARN_DOCUMENTATION_COMMENTS = YES;
				CLANG_WARN_EMPTY_BODY = YES;
				CLANG_WARN_ENUM_CONVERSION = YES;
				CLANG_WARN_INFINITE_RECURSION = YES;
				CLANG_WARN_INT_CONVERSION = YES;
				CLANG_WARN_OBJC_ROOT_CLASS = YES_ERROR;
				CLANG_WARN_SUSPICIOUS_MOVE = YES;
				CLANG_WARN_UNREACHABLE_CODE = YES;
				CLANG_WARN__DUPLICATE_METHOD_MATCH = YES;
				"CODE_SIGN_IDENTITY[sdk=iphoneos*]" = "iPhone Developer";
				COPY_PHASE_STRIP = NO;
				DEBUG_INFORMATION_FORMAT = dwarf;
				ENABLE_STRICT_OBJC_MSGSEND = YES;
				ENABLE_TESTABILITY = YES;
				GCC_C_LANGUAGE_STANDARD = gnu99;
				GCC_DYNAMIC_NO_PIC = NO;
				GCC_NO_COMMON_BLOCKS = YES;
				GCC_OPTIMIZATION_LEVEL = 0;
				GCC_PREPROCESSOR_DEFINITIONS = (
					"DEBUG=1",
					"$(inherited)",
				);
				GCC_WARN_64_TO_32_BIT_CONVERSION = YES;
				GCC_WARN_ABOUT_RETURN_TYPE = YES_ERROR;
				GCC_WARN_UNDECLARED_SELECTOR = YES;
				GCC_WARN_UNINITIALIZED_AUTOS = YES_AGGRESSIVE;
				GCC_WARN_UNUSED_FUNCTION = YES;
				GCC_WARN_UNUSED_VARIABLE = YES;
				IPHONEOS_DEPLOYMENT_TARGET = 10.2;
				MTL_ENABLE_DEBUG_INFO = YES;
				ONLY_ACTIVE_ARCH = YES;
				SDKROOT = iphoneos;
				SWIFT_ACTIVE_COMPILATION_CONDITIONS = DEBUG;
				SWIFT_OPTIMIZATION_LEVEL = "-Onone";
				TARGETED_DEVICE_FAMILY = "1,2";
			};
			name = Debug;
		};
		1D79761F1E684B1D003E6B2E /* Release */ = {
			isa = XCBuildConfiguration;
			buildSettings = {
				ALWAYS_SEARCH_USER_PATHS = NO;
				CLANG_ANALYZER_NONNULL = YES;
				CLANG_CXX_LANGUAGE_STANDARD = "gnu++0x";
				CLANG_CXX_LIBRARY = "libc++";
				CLANG_ENABLE_MODULES = YES;
				CLANG_ENABLE_OBJC_ARC = YES;
				CLANG_WARN_BOOL_CONVERSION = YES;
				CLANG_WARN_CONSTANT_CONVERSION = YES;
				CLANG_WARN_DIRECT_OBJC_ISA_USAGE = YES_ERROR;
				CLANG_WARN_DOCUMENTATION_COMMENTS = YES;
				CLANG_WARN_EMPTY_BODY = YES;
				CLANG_WARN_ENUM_CONVERSION = YES;
				CLANG_WARN_INFINITE_RECURSION = YES;
				CLANG_WARN_INT_CONVERSION = YES;
				CLANG_WARN_OBJC_ROOT_CLASS = YES_ERROR;
				CLANG_WARN_SUSPICIOUS_MOVE = YES;
				CLANG_WARN_UNREACHABLE_CODE = YES;
				CLANG_WARN__DUPLICATE_METHOD_MATCH = YES;
				"CODE_SIGN_IDENTITY[sdk=iphoneos*]" = "iPhone Developer";
				COPY_PHASE_STRIP = NO;
				DEBUG_INFORMATION_FORMAT = "dwarf-with-dsym";
				ENABLE_NS_ASSERTIONS = NO;
				ENABLE_STRICT_OBJC_MSGSEND = YES;
				GCC_C_LANGUAGE_STANDARD = gnu99;
				GCC_NO_COMMON_BLOCKS = YES;
				GCC_WARN_64_TO_32_BIT_CONVERSION = YES;
				GCC_WARN_ABOUT_RETURN_TYPE = YES_ERROR;
				GCC_WARN_UNDECLARED_SELECTOR = YES;
				GCC_WARN_UNINITIALIZED_AUTOS = YES_AGGRESSIVE;
				GCC_WARN_UNUSED_FUNCTION = YES;
				GCC_WARN_UNUSED_VARIABLE = YES;
				IPHONEOS_DEPLOYMENT_TARGET = 10.2;
				MTL_ENABLE_DEBUG_INFO = NO;
				SDKROOT = iphoneos;
				SWIFT_OPTIMIZATION_LEVEL = "-Owholemodule";
				TARGETED_DEVICE_FAMILY = "1,2";
				VALIDATE_PRODUCT = YES;
			};
			name = Release;
		};
		1D7976211E684B1D003E6B2E /* Debug */ = {
			isa = XCBuildConfiguration;
			buildSettings = {
				ASSETCATALOG_COMPILER_APPICON_NAME = AppIcon;
				INFOPLIST_FILE = slideMenu/Info.plist;
				LD_RUNPATH_SEARCH_PATHS = "$(inherited) @executable_path/Frameworks";
				PRODUCT_BUNDLE_IDENTIFIER = cblabs.slideMenu;
				PRODUCT_NAME = "$(TARGET_NAME)";
				SWIFT_VERSION = 3.0;
			};
			name = Debug;
		};
		1D7976221E684B1D003E6B2E /* Release */ = {
			isa = XCBuildConfiguration;
			buildSettings = {
				ASSETCATALOG_COMPILER_APPICON_NAME = AppIcon;
				INFOPLIST_FILE = slideMenu/Info.plist;
				LD_RUNPATH_SEARCH_PATHS = "$(inherited) @executable_path/Frameworks";
				PRODUCT_BUNDLE_IDENTIFIER = cblabs.slideMenu;
				PRODUCT_NAME = "$(TARGET_NAME)";
				SWIFT_VERSION = 3.0;
			};
			name = Release;
		};
/* End XCBuildConfiguration section */

/* Begin XCConfigurationList section */
		1D7976061E684B1D003E6B2E /* Build configuration list for PBXProject "slideMenu" */ = {
			isa = XCConfigurationList;
			buildConfigurations = (
				1D79761E1E684B1D003E6B2E /* Debug */,
				1D79761F1E684B1D003E6B2E /* Release */,
			);
			defaultConfigurationIsVisible = 0;
			defaultConfigurationName = Release;
		};
		1D7976201E684B1D003E6B2E /* Build configuration list for PBXNativeTarget "slideMenu" */ = {
			isa = XCConfigurationList;
			buildConfigurations = (
				1D7976211E684B1D003E6B2E /* Debug */,
				1D7976221E684B1D003E6B2E /* Release */,
			);
			defaultConfigurationIsVisible = 0;
			defaultConfigurationName = Release;
		};
/* End XCConfigurationList section */

/* Begin XCVersionGroup section */
		1D7976151E684B1D003E6B2E /* slideMenu.xcdatamodeld */ = {
			isa = XCVersionGroup;
			children = (
				1D7976161E684B1D003E6B2E /* slideMenu.xcdatamodel */,
			);
			currentVersion = 1D7976161E684B1D003E6B2E /* slideMenu.xcdatamodel */;
			path = slideMenu.xcdatamodeld;
			sourceTree = "<group>";
			versionGroupType = wrapper.xcdatamodel;
		};
/* End XCVersionGroup section */
	};
	rootObject = 1D7976031E684B1D003E6B2E /* Project object */;
}
